// !$*UTF8*$!
{
	archiveVersion = 1;
	classes = {
	};
	objectVersion = 56;
	objects = {

/* Begin PBXBuildFile section */
		152B6E592951A5FA00FC0367 /* StreakView.swift in Sources */ = {isa = PBXBuildFile; fileRef = 152B6E582951A5FA00FC0367 /* StreakView.swift */; };
		15352095294CC5CA00DBED6E /* Date+Ext.swift in Sources */ = {isa = PBXBuildFile; fileRef = 15352094294CC5CA00DBED6E /* Date+Ext.swift */; };
		15466CF82953082100190437 /* WidgetKit.framework in Frameworks */ = {isa = PBXBuildFile; fileRef = 15466CF72953082100190437 /* WidgetKit.framework */; };
		15466CFA2953082100190437 /* SwiftUI.framework in Frameworks */ = {isa = PBXBuildFile; fileRef = 15466CF92953082100190437 /* SwiftUI.framework */; };
		15466CFD2953082100190437 /* SwiftCalendarWidgetBundle.swift in Sources */ = {isa = PBXBuildFile; fileRef = 15466CFC2953082100190437 /* SwiftCalendarWidgetBundle.swift */; };
		15466CFF2953082100190437 /* SwiftCalendarWidgetLiveActivity.swift in Sources */ = {isa = PBXBuildFile; fileRef = 15466CFE2953082100190437 /* SwiftCalendarWidgetLiveActivity.swift */; };
		15466D012953082100190437 /* SwiftCalendarWidget.swift in Sources */ = {isa = PBXBuildFile; fileRef = 15466D002953082100190437 /* SwiftCalendarWidget.swift */; };
		15466D042953082400190437 /* Assets.xcassets in Resources */ = {isa = PBXBuildFile; fileRef = 15466D032953082400190437 /* Assets.xcassets */; };
		15466D062953082400190437 /* SwiftCalendarWidget.intentdefinition in Sources */ = {isa = PBXBuildFile; fileRef = 15466D022953082100190437 /* SwiftCalendarWidget.intentdefinition */; };
		15466D072953082400190437 /* SwiftCalendarWidget.intentdefinition in Sources */ = {isa = PBXBuildFile; fileRef = 15466D022953082100190437 /* SwiftCalendarWidget.intentdefinition */; };
		15466D0A2953082400190437 /* SwiftCalendarWidgetExtension.appex in Embed Foundation Extensions */ = {isa = PBXBuildFile; fileRef = 15466CF52953082100190437 /* SwiftCalendarWidgetExtension.appex */; settings = {ATTRIBUTES = (RemoveHeadersOnCopy, ); }; };
		15888878295CB907006012F3 /* Date+Ext.swift in Sources */ = {isa = PBXBuildFile; fileRef = 15352094294CC5CA00DBED6E /* Date+Ext.swift */; };
		15888879295CBAEE006012F3 /* Persistence.swift in Sources */ = {isa = PBXBuildFile; fileRef = 15DB4CE32948BBC200473358 /* Persistence.swift */; };
		15D3061F295A12F100C60C24 /* CalendarHeaderView.swift in Sources */ = {isa = PBXBuildFile; fileRef = 15D3061E295A12F100C60C24 /* CalendarHeaderView.swift */; };
		15D30620295A132B00C60C24 /* CalendarHeaderView.swift in Sources */ = {isa = PBXBuildFile; fileRef = 15D3061E295A12F100C60C24 /* CalendarHeaderView.swift */; };
		15D30621295A33F100C60C24 /* SwiftCalendar.xcdatamodeld in Sources */ = {isa = PBXBuildFile; fileRef = 15DB4CE52948BBC200473358 /* SwiftCalendar.xcdatamodeld */; };
		15DB4CDB2948BBC000473358 /* SwiftCalendarApp.swift in Sources */ = {isa = PBXBuildFile; fileRef = 15DB4CDA2948BBC000473358 /* SwiftCalendarApp.swift */; };
		15DB4CDD2948BBC000473358 /* CalendarView.swift in Sources */ = {isa = PBXBuildFile; fileRef = 15DB4CDC2948BBC000473358 /* CalendarView.swift */; };
		15DB4CDF2948BBC200473358 /* Assets.xcassets in Resources */ = {isa = PBXBuildFile; fileRef = 15DB4CDE2948BBC200473358 /* Assets.xcassets */; };
		15DB4CE22948BBC200473358 /* Preview Assets.xcassets in Resources */ = {isa = PBXBuildFile; fileRef = 15DB4CE12948BBC200473358 /* Preview Assets.xcassets */; };
		15DB4CE42948BBC200473358 /* Persistence.swift in Sources */ = {isa = PBXBuildFile; fileRef = 15DB4CE32948BBC200473358 /* Persistence.swift */; };
		15DB4CE72948BBC200473358 /* SwiftCalendar.xcdatamodeld in Sources */ = {isa = PBXBuildFile; fileRef = 15DB4CE52948BBC200473358 /* SwiftCalendar.xcdatamodeld */; };
		15DB4CF12948BBC300473358 /* SwiftCalendarTests.swift in Sources */ = {isa = PBXBuildFile; fileRef = 15DB4CF02948BBC300473358 /* SwiftCalendarTests.swift */; };
		15DB4CFB2948BBC300473358 /* SwiftCalendarUITests.swift in Sources */ = {isa = PBXBuildFile; fileRef = 15DB4CFA2948BBC300473358 /* SwiftCalendarUITests.swift */; };
		15DB4CFD2948BBC300473358 /* SwiftCalendarUITestsLaunchTests.swift in Sources */ = {isa = PBXBuildFile; fileRef = 15DB4CFC2948BBC300473358 /* SwiftCalendarUITestsLaunchTests.swift */; };
/* End PBXBuildFile section */

/* Begin PBXContainerItemProxy section */
		15466D082953082400190437 /* PBXContainerItemProxy */ = {
			isa = PBXContainerItemProxy;
			containerPortal = 15DB4CCF2948BBC000473358 /* Project object */;
			proxyType = 1;
			remoteGlobalIDString = 15466CF42953082100190437;
			remoteInfo = SwiftCalendarWidgetExtension;
		};
		15DB4CED2948BBC300473358 /* PBXContainerItemProxy */ = {
			isa = PBXContainerItemProxy;
			containerPortal = 15DB4CCF2948BBC000473358 /* Project object */;
			proxyType = 1;
			remoteGlobalIDString = 15DB4CD62948BBC000473358;
			remoteInfo = SwiftCalendar;
		};
		15DB4CF72948BBC300473358 /* PBXContainerItemProxy */ = {
			isa = PBXContainerItemProxy;
			containerPortal = 15DB4CCF2948BBC000473358 /* Project object */;
			proxyType = 1;
			remoteGlobalIDString = 15DB4CD62948BBC000473358;
			remoteInfo = SwiftCalendar;
		};
/* End PBXContainerItemProxy section */

/* Begin PBXCopyFilesBuildPhase section */
		15466D0B2953082400190437 /* Embed Foundation Extensions */ = {
			isa = PBXCopyFilesBuildPhase;
			buildActionMask = 2147483647;
			dstPath = "";
			dstSubfolderSpec = 13;
			files = (
				15466D0A2953082400190437 /* SwiftCalendarWidgetExtension.appex in Embed Foundation Extensions */,
			);
			name = "Embed Foundation Extensions";
			runOnlyForDeploymentPostprocessing = 0;
		};
/* End PBXCopyFilesBuildPhase section */

/* Begin PBXFileReference section */
		152B6E582951A5FA00FC0367 /* StreakView.swift */ = {isa = PBXFileReference; lastKnownFileType = sourcecode.swift; path = StreakView.swift; sourceTree = "<group>"; };
		15352094294CC5CA00DBED6E /* Date+Ext.swift */ = {isa = PBXFileReference; lastKnownFileType = sourcecode.swift; path = "Date+Ext.swift"; sourceTree = "<group>"; };
		15466CF52953082100190437 /* SwiftCalendarWidgetExtension.appex */ = {isa = PBXFileReference; explicitFileType = "wrapper.app-extension"; includeInIndex = 0; path = SwiftCalendarWidgetExtension.appex; sourceTree = BUILT_PRODUCTS_DIR; };
		15466CF72953082100190437 /* WidgetKit.framework */ = {isa = PBXFileReference; lastKnownFileType = wrapper.framework; name = WidgetKit.framework; path = System/Library/Frameworks/WidgetKit.framework; sourceTree = SDKROOT; };
		15466CF92953082100190437 /* SwiftUI.framework */ = {isa = PBXFileReference; lastKnownFileType = wrapper.framework; name = SwiftUI.framework; path = System/Library/Frameworks/SwiftUI.framework; sourceTree = SDKROOT; };
		15466CFC2953082100190437 /* SwiftCalendarWidgetBundle.swift */ = {isa = PBXFileReference; lastKnownFileType = sourcecode.swift; path = SwiftCalendarWidgetBundle.swift; sourceTree = "<group>"; };
		15466CFE2953082100190437 /* SwiftCalendarWidgetLiveActivity.swift */ = {isa = PBXFileReference; lastKnownFileType = sourcecode.swift; path = SwiftCalendarWidgetLiveActivity.swift; sourceTree = "<group>"; };
		15466D002953082100190437 /* SwiftCalendarWidget.swift */ = {isa = PBXFileReference; lastKnownFileType = sourcecode.swift; path = SwiftCalendarWidget.swift; sourceTree = "<group>"; };
		15466D022953082100190437 /* SwiftCalendarWidget.intentdefinition */ = {isa = PBXFileReference; lastKnownFileType = file.intentdefinition; path = SwiftCalendarWidget.intentdefinition; sourceTree = "<group>"; };
		15466D032953082400190437 /* Assets.xcassets */ = {isa = PBXFileReference; lastKnownFileType = folder.assetcatalog; path = Assets.xcassets; sourceTree = "<group>"; };
		15466D052953082400190437 /* Info.plist */ = {isa = PBXFileReference; lastKnownFileType = text.plist.xml; path = Info.plist; sourceTree = "<group>"; };
		15466D0F295317AB00190437 /* SwiftCalendar.entitlements */ = {isa = PBXFileReference; lastKnownFileType = text.plist.entitlements; path = SwiftCalendar.entitlements; sourceTree = "<group>"; };
		15466D102953185E00190437 /* SwiftCalendarWidgetExtension.entitlements */ = {isa = PBXFileReference; lastKnownFileType = text.plist.entitlements; path = SwiftCalendarWidgetExtension.entitlements; sourceTree = "<group>"; };
		15D3061E295A12F100C60C24 /* CalendarHeaderView.swift */ = {isa = PBXFileReference; lastKnownFileType = sourcecode.swift; path = CalendarHeaderView.swift; sourceTree = "<group>"; };
		15DB4CD72948BBC000473358 /* SwiftCalendar.app */ = {isa = PBXFileReference; explicitFileType = wrapper.application; includeInIndex = 0; path = SwiftCalendar.app; sourceTree = BUILT_PRODUCTS_DIR; };
		15DB4CDA2948BBC000473358 /* SwiftCalendarApp.swift */ = {isa = PBXFileReference; lastKnownFileType = sourcecode.swift; path = SwiftCalendarApp.swift; sourceTree = "<group>"; };
		15DB4CDC2948BBC000473358 /* CalendarView.swift */ = {isa = PBXFileReference; lastKnownFileType = sourcecode.swift; path = CalendarView.swift; sourceTree = "<group>"; };
		15DB4CDE2948BBC200473358 /* Assets.xcassets */ = {isa = PBXFileReference; lastKnownFileType = folder.assetcatalog; path = Assets.xcassets; sourceTree = "<group>"; };
		15DB4CE12948BBC200473358 /* Preview Assets.xcassets */ = {isa = PBXFileReference; lastKnownFileType = folder.assetcatalog; path = "Preview Assets.xcassets"; sourceTree = "<group>"; };
		15DB4CE32948BBC200473358 /* Persistence.swift */ = {isa = PBXFileReference; lastKnownFileType = sourcecode.swift; path = Persistence.swift; sourceTree = "<group>"; };
		15DB4CE62948BBC200473358 /* SwiftCalendar.xcdatamodel */ = {isa = PBXFileReference; lastKnownFileType = wrapper.xcdatamodel; path = SwiftCalendar.xcdatamodel; sourceTree = "<group>"; };
		15DB4CEC2948BBC300473358 /* SwiftCalendarTests.xctest */ = {isa = PBXFileReference; explicitFileType = wrapper.cfbundle; includeInIndex = 0; path = SwiftCalendarTests.xctest; sourceTree = BUILT_PRODUCTS_DIR; };
		15DB4CF02948BBC300473358 /* SwiftCalendarTests.swift */ = {isa = PBXFileReference; lastKnownFileType = sourcecode.swift; path = SwiftCalendarTests.swift; sourceTree = "<group>"; };
		15DB4CF62948BBC300473358 /* SwiftCalendarUITests.xctest */ = {isa = PBXFileReference; explicitFileType = wrapper.cfbundle; includeInIndex = 0; path = SwiftCalendarUITests.xctest; sourceTree = BUILT_PRODUCTS_DIR; };
		15DB4CFA2948BBC300473358 /* SwiftCalendarUITests.swift */ = {isa = PBXFileReference; lastKnownFileType = sourcecode.swift; path = SwiftCalendarUITests.swift; sourceTree = "<group>"; };
		15DB4CFC2948BBC300473358 /* SwiftCalendarUITestsLaunchTests.swift */ = {isa = PBXFileReference; lastKnownFileType = sourcecode.swift; path = SwiftCalendarUITestsLaunchTests.swift; sourceTree = "<group>"; };
		15DB4D092948BEB900473358 /* README.md */ = {isa = PBXFileReference; lastKnownFileType = net.daringfireball.markdown; path = README.md; sourceTree = "<group>"; };
/* End PBXFileReference section */

/* Begin PBXFrameworksBuildPhase section */
		15466CF22953082100190437 /* Frameworks */ = {
			isa = PBXFrameworksBuildPhase;
			buildActionMask = 2147483647;
			files = (
				15466CFA2953082100190437 /* SwiftUI.framework in Frameworks */,
				15466CF82953082100190437 /* WidgetKit.framework in Frameworks */,
			);
			runOnlyForDeploymentPostprocessing = 0;
		};
		15DB4CD42948BBC000473358 /* Frameworks */ = {
			isa = PBXFrameworksBuildPhase;
			buildActionMask = 2147483647;
			files = (
			);
			runOnlyForDeploymentPostprocessing = 0;
		};
		15DB4CE92948BBC300473358 /* Frameworks */ = {
			isa = PBXFrameworksBuildPhase;
			buildActionMask = 2147483647;
			files = (
			);
			runOnlyForDeploymentPostprocessing = 0;
		};
		15DB4CF32948BBC300473358 /* Frameworks */ = {
			isa = PBXFrameworksBuildPhase;
			buildActionMask = 2147483647;
			files = (
			);
			runOnlyForDeploymentPostprocessing = 0;
		};
/* End PBXFrameworksBuildPhase section */

/* Begin PBXGroup section */
		15466CF62953082100190437 /* Frameworks */ = {
			isa = PBXGroup;
			children = (
				15466CF72953082100190437 /* WidgetKit.framework */,
				15466CF92953082100190437 /* SwiftUI.framework */,
			);
			name = Frameworks;
			sourceTree = "<group>";
		};
		15466CFB2953082100190437 /* SwiftCalendarWidget */ = {
			isa = PBXGroup;
			children = (
				15466CFC2953082100190437 /* SwiftCalendarWidgetBundle.swift */,
				15466CFE2953082100190437 /* SwiftCalendarWidgetLiveActivity.swift */,
				15466D002953082100190437 /* SwiftCalendarWidget.swift */,
				15466D022953082100190437 /* SwiftCalendarWidget.intentdefinition */,
				15466D032953082400190437 /* Assets.xcassets */,
				15466D052953082400190437 /* Info.plist */,
			);
			path = SwiftCalendarWidget;
			sourceTree = "<group>";
		};
		15DB4CCE2948BBC000473358 = {
			isa = PBXGroup;
			children = (
				15466D102953185E00190437 /* SwiftCalendarWidgetExtension.entitlements */,
				15DB4D092948BEB900473358 /* README.md */,
				15DB4CD92948BBC000473358 /* SwiftCalendar */,
				15DB4CEF2948BBC300473358 /* SwiftCalendarTests */,
				15DB4CF92948BBC300473358 /* SwiftCalendarUITests */,
				15466CFB2953082100190437 /* SwiftCalendarWidget */,
				15466CF62953082100190437 /* Frameworks */,
				15DB4CD82948BBC000473358 /* Products */,
			);
			sourceTree = "<group>";
		};
		15DB4CD82948BBC000473358 /* Products */ = {
			isa = PBXGroup;
			children = (
				15DB4CD72948BBC000473358 /* SwiftCalendar.app */,
				15DB4CEC2948BBC300473358 /* SwiftCalendarTests.xctest */,
				15DB4CF62948BBC300473358 /* SwiftCalendarUITests.xctest */,
				15466CF52953082100190437 /* SwiftCalendarWidgetExtension.appex */,
			);
			name = Products;
			sourceTree = "<group>";
		};
		15DB4CD92948BBC000473358 /* SwiftCalendar */ = {
			isa = PBXGroup;
			children = (
				15466D0F295317AB00190437 /* SwiftCalendar.entitlements */,
				15DB4CDA2948BBC000473358 /* SwiftCalendarApp.swift */,
				15DB4CDC2948BBC000473358 /* CalendarView.swift */,
				152B6E582951A5FA00FC0367 /* StreakView.swift */,
				15D3061E295A12F100C60C24 /* CalendarHeaderView.swift */,
				15DB4CDE2948BBC200473358 /* Assets.xcassets */,
				15DB4CE32948BBC200473358 /* Persistence.swift */,
				15352094294CC5CA00DBED6E /* Date+Ext.swift */,
				15DB4CE52948BBC200473358 /* SwiftCalendar.xcdatamodeld */,
				15DB4CE02948BBC200473358 /* Preview Content */,
			);
			path = SwiftCalendar;
			sourceTree = "<group>";
		};
		15DB4CE02948BBC200473358 /* Preview Content */ = {
			isa = PBXGroup;
			children = (
				15DB4CE12948BBC200473358 /* Preview Assets.xcassets */,
			);
			path = "Preview Content";
			sourceTree = "<group>";
		};
		15DB4CEF2948BBC300473358 /* SwiftCalendarTests */ = {
			isa = PBXGroup;
			children = (
				15DB4CF02948BBC300473358 /* SwiftCalendarTests.swift */,
			);
			path = SwiftCalendarTests;
			sourceTree = "<group>";
		};
		15DB4CF92948BBC300473358 /* SwiftCalendarUITests */ = {
			isa = PBXGroup;
			children = (
				15DB4CFA2948BBC300473358 /* SwiftCalendarUITests.swift */,
				15DB4CFC2948BBC300473358 /* SwiftCalendarUITestsLaunchTests.swift */,
			);
			path = SwiftCalendarUITests;
			sourceTree = "<group>";
		};
/* End PBXGroup section */

/* Begin PBXNativeTarget section */
		15466CF42953082100190437 /* SwiftCalendarWidgetExtension */ = {
			isa = PBXNativeTarget;
			buildConfigurationList = 15466D0E2953082400190437 /* Build configuration list for PBXNativeTarget "SwiftCalendarWidgetExtension" */;
			buildPhases = (
				15466CF12953082100190437 /* Sources */,
				15466CF22953082100190437 /* Frameworks */,
				15466CF32953082100190437 /* Resources */,
			);
			buildRules = (
			);
			dependencies = (
			);
			name = SwiftCalendarWidgetExtension;
			productName = SwiftCalendarWidgetExtension;
			productReference = 15466CF52953082100190437 /* SwiftCalendarWidgetExtension.appex */;
			productType = "com.apple.product-type.app-extension";
		};
		15DB4CD62948BBC000473358 /* SwiftCalendar */ = {
			isa = PBXNativeTarget;
			buildConfigurationList = 15DB4D002948BBC300473358 /* Build configuration list for PBXNativeTarget "SwiftCalendar" */;
			buildPhases = (
				15DB4CD32948BBC000473358 /* Sources */,
				15DB4CD42948BBC000473358 /* Frameworks */,
				15DB4CD52948BBC000473358 /* Resources */,
				15466D0B2953082400190437 /* Embed Foundation Extensions */,
			);
			buildRules = (
			);
			dependencies = (
				15466D092953082400190437 /* PBXTargetDependency */,
			);
			name = SwiftCalendar;
			productName = SwiftCalendar;
			productReference = 15DB4CD72948BBC000473358 /* SwiftCalendar.app */;
			productType = "com.apple.product-type.application";
		};
		15DB4CEB2948BBC300473358 /* SwiftCalendarTests */ = {
			isa = PBXNativeTarget;
			buildConfigurationList = 15DB4D032948BBC300473358 /* Build configuration list for PBXNativeTarget "SwiftCalendarTests" */;
			buildPhases = (
				15DB4CE82948BBC300473358 /* Sources */,
				15DB4CE92948BBC300473358 /* Frameworks */,
				15DB4CEA2948BBC300473358 /* Resources */,
			);
			buildRules = (
			);
			dependencies = (
				15DB4CEE2948BBC300473358 /* PBXTargetDependency */,
			);
			name = SwiftCalendarTests;
			productName = SwiftCalendarTests;
			productReference = 15DB4CEC2948BBC300473358 /* SwiftCalendarTests.xctest */;
			productType = "com.apple.product-type.bundle.unit-test";
		};
		15DB4CF52948BBC300473358 /* SwiftCalendarUITests */ = {
			isa = PBXNativeTarget;
			buildConfigurationList = 15DB4D062948BBC300473358 /* Build configuration list for PBXNativeTarget "SwiftCalendarUITests" */;
			buildPhases = (
				15DB4CF22948BBC300473358 /* Sources */,
				15DB4CF32948BBC300473358 /* Frameworks */,
				15DB4CF42948BBC300473358 /* Resources */,
			);
			buildRules = (
			);
			dependencies = (
				15DB4CF82948BBC300473358 /* PBXTargetDependency */,
			);
			name = SwiftCalendarUITests;
			productName = SwiftCalendarUITests;
			productReference = 15DB4CF62948BBC300473358 /* SwiftCalendarUITests.xctest */;
			productType = "com.apple.product-type.bundle.ui-testing";
		};
/* End PBXNativeTarget section */

/* Begin PBXProject section */
		15DB4CCF2948BBC000473358 /* Project object */ = {
			isa = PBXProject;
			attributes = {
				BuildIndependentTargetsInParallel = 1;
				LastSwiftUpdateCheck = 1420;
				LastUpgradeCheck = 1410;
				TargetAttributes = {
					15466CF42953082100190437 = {
						CreatedOnToolsVersion = 14.2;
					};
					15DB4CD62948BBC000473358 = {
						CreatedOnToolsVersion = 14.1;
					};
					15DB4CEB2948BBC300473358 = {
						CreatedOnToolsVersion = 14.1;
						TestTargetID = 15DB4CD62948BBC000473358;
					};
					15DB4CF52948BBC300473358 = {
						CreatedOnToolsVersion = 14.1;
						TestTargetID = 15DB4CD62948BBC000473358;
					};
				};
			};
			buildConfigurationList = 15DB4CD22948BBC000473358 /* Build configuration list for PBXProject "SwiftCalendar" */;
			compatibilityVersion = "Xcode 14.0";
			developmentRegion = en;
			hasScannedForEncodings = 0;
			knownRegions = (
				en,
				Base,
			);
			mainGroup = 15DB4CCE2948BBC000473358;
			productRefGroup = 15DB4CD82948BBC000473358 /* Products */;
			projectDirPath = "";
			projectRoot = "";
			targets = (
				15DB4CD62948BBC000473358 /* SwiftCalendar */,
				15DB4CEB2948BBC300473358 /* SwiftCalendarTests */,
				15DB4CF52948BBC300473358 /* SwiftCalendarUITests */,
				15466CF42953082100190437 /* SwiftCalendarWidgetExtension */,
			);
		};
/* End PBXProject section */

/* Begin PBXResourcesBuildPhase section */
		15466CF32953082100190437 /* Resources */ = {
			isa = PBXResourcesBuildPhase;
			buildActionMask = 2147483647;
			files = (
				15466D042953082400190437 /* Assets.xcassets in Resources */,
			);
			runOnlyForDeploymentPostprocessing = 0;
		};
		15DB4CD52948BBC000473358 /* Resources */ = {
			isa = PBXResourcesBuildPhase;
			buildActionMask = 2147483647;
			files = (
				15DB4CE22948BBC200473358 /* Preview Assets.xcassets in Resources */,
				15DB4CDF2948BBC200473358 /* Assets.xcassets in Resources */,
			);
			runOnlyForDeploymentPostprocessing = 0;
		};
		15DB4CEA2948BBC300473358 /* Resources */ = {
			isa = PBXResourcesBuildPhase;
			buildActionMask = 2147483647;
			files = (
			);
			runOnlyForDeploymentPostprocessing = 0;
		};
		15DB4CF42948BBC300473358 /* Resources */ = {
			isa = PBXResourcesBuildPhase;
			buildActionMask = 2147483647;
			files = (
			);
			runOnlyForDeploymentPostprocessing = 0;
		};
/* End PBXResourcesBuildPhase section */

/* Begin PBXSourcesBuildPhase section */
		15466CF12953082100190437 /* Sources */ = {
			isa = PBXSourcesBuildPhase;
			buildActionMask = 2147483647;
			files = (
				15466D062953082400190437 /* SwiftCalendarWidget.intentdefinition in Sources */,
				15888879295CBAEE006012F3 /* Persistence.swift in Sources */,
				15466D012953082100190437 /* SwiftCalendarWidget.swift in Sources */,
				15466CFF2953082100190437 /* SwiftCalendarWidgetLiveActivity.swift in Sources */,
				15D30621295A33F100C60C24 /* SwiftCalendar.xcdatamodeld in Sources */,
				15D30620295A132B00C60C24 /* CalendarHeaderView.swift in Sources */,
				15888878295CB907006012F3 /* Date+Ext.swift in Sources */,
				15466CFD2953082100190437 /* SwiftCalendarWidgetBundle.swift in Sources */,
			);
			runOnlyForDeploymentPostprocessing = 0;
		};
		15DB4CD32948BBC000473358 /* Sources */ = {
			isa = PBXSourcesBuildPhase;
			buildActionMask = 2147483647;
			files = (
				152B6E592951A5FA00FC0367 /* StreakView.swift in Sources */,
				15D3061F295A12F100C60C24 /* CalendarHeaderView.swift in Sources */,
				15DB4CE42948BBC200473358 /* Persistence.swift in Sources */,
				15DB4CE72948BBC200473358 /* SwiftCalendar.xcdatamodeld in Sources */,
				15DB4CDD2948BBC000473358 /* CalendarView.swift in Sources */,
				15DB4CDB2948BBC000473358 /* SwiftCalendarApp.swift in Sources */,
				15466D072953082400190437 /* SwiftCalendarWidget.intentdefinition in Sources */,
				15352095294CC5CA00DBED6E /* Date+Ext.swift in Sources */,
			);
			runOnlyForDeploymentPostprocessing = 0;
		};
		15DB4CE82948BBC300473358 /* Sources */ = {
			isa = PBXSourcesBuildPhase;
			buildActionMask = 2147483647;
			files = (
				15DB4CF12948BBC300473358 /* SwiftCalendarTests.swift in Sources */,
			);
			runOnlyForDeploymentPostprocessing = 0;
		};
		15DB4CF22948BBC300473358 /* Sources */ = {
			isa = PBXSourcesBuildPhase;
			buildActionMask = 2147483647;
			files = (
				15DB4CFD2948BBC300473358 /* SwiftCalendarUITestsLaunchTests.swift in Sources */,
				15DB4CFB2948BBC300473358 /* SwiftCalendarUITests.swift in Sources */,
			);
			runOnlyForDeploymentPostprocessing = 0;
		};
/* End PBXSourcesBuildPhase section */

/* Begin PBXTargetDependency section */
		15466D092953082400190437 /* PBXTargetDependency */ = {
			isa = PBXTargetDependency;
			target = 15466CF42953082100190437 /* SwiftCalendarWidgetExtension */;
			targetProxy = 15466D082953082400190437 /* PBXContainerItemProxy */;
		};
		15DB4CEE2948BBC300473358 /* PBXTargetDependency */ = {
			isa = PBXTargetDependency;
			target = 15DB4CD62948BBC000473358 /* SwiftCalendar */;
			targetProxy = 15DB4CED2948BBC300473358 /* PBXContainerItemProxy */;
		};
		15DB4CF82948BBC300473358 /* PBXTargetDependency */ = {
			isa = PBXTargetDependency;
			target = 15DB4CD62948BBC000473358 /* SwiftCalendar */;
			targetProxy = 15DB4CF72948BBC300473358 /* PBXContainerItemProxy */;
		};
/* End PBXTargetDependency section */

/* Begin XCBuildConfiguration section */
		15466D0C2953082400190437 /* Debug */ = {
			isa = XCBuildConfiguration;
			buildSettings = {
				ASSETCATALOG_COMPILER_GLOBAL_ACCENT_COLOR_NAME = AccentColor;
				ASSETCATALOG_COMPILER_WIDGET_BACKGROUND_COLOR_NAME = WidgetBackground;
				CODE_SIGN_ENTITLEMENTS = SwiftCalendarWidgetExtension.entitlements;
				CODE_SIGN_STYLE = Automatic;
				CURRENT_PROJECT_VERSION = 1;
				DEVELOPMENT_TEAM = XLY4UW5GHZ;
				GENERATE_INFOPLIST_FILE = YES;
				INFOPLIST_FILE = SwiftCalendarWidget/Info.plist;
				INFOPLIST_KEY_CFBundleDisplayName = SwiftCalendarWidget;
				INFOPLIST_KEY_NSHumanReadableCopyright = "";
				IPHONEOS_DEPLOYMENT_TARGET = 17.2;
				LD_RUNPATH_SEARCH_PATHS = (
					"$(inherited)",
					"@executable_path/Frameworks",
					"@executable_path/../../Frameworks",
				);
				MARKETING_VERSION = 1.0;
				PRODUCT_BUNDLE_IDENTIFIER = dev.simonberner.SwiftCalendar.SwiftCalendarWidget;
				PRODUCT_NAME = "$(TARGET_NAME)";
				SKIP_INSTALL = YES;
				SWIFT_EMIT_LOC_STRINGS = YES;
				SWIFT_VERSION = 5.0;
				TARGETED_DEVICE_FAMILY = "1,2";
			};
			name = Debug;
		};
		15466D0D2953082400190437 /* Release */ = {
			isa = XCBuildConfiguration;
			buildSettings = {
				ASSETCATALOG_COMPILER_GLOBAL_ACCENT_COLOR_NAME = AccentColor;
				ASSETCATALOG_COMPILER_WIDGET_BACKGROUND_COLOR_NAME = WidgetBackground;
				CODE_SIGN_ENTITLEMENTS = SwiftCalendarWidgetExtension.entitlements;
				CODE_SIGN_STYLE = Automatic;
				CURRENT_PROJECT_VERSION = 1;
				DEVELOPMENT_TEAM = XLY4UW5GHZ;
				GENERATE_INFOPLIST_FILE = YES;
				INFOPLIST_FILE = SwiftCalendarWidget/Info.plist;
				INFOPLIST_KEY_CFBundleDisplayName = SwiftCalendarWidget;
				INFOPLIST_KEY_NSHumanReadableCopyright = "";
				IPHONEOS_DEPLOYMENT_TARGET = 17.2;
				LD_RUNPATH_SEARCH_PATHS = (
					"$(inherited)",
					"@executable_path/Frameworks",
					"@executable_path/../../Frameworks",
				);
				MARKETING_VERSION = 1.0;
				PRODUCT_BUNDLE_IDENTIFIER = dev.simonberner.SwiftCalendar.SwiftCalendarWidget;
				PRODUCT_NAME = "$(TARGET_NAME)";
				SKIP_INSTALL = YES;
				SWIFT_EMIT_LOC_STRINGS = YES;
				SWIFT_VERSION = 5.0;
				TARGETED_DEVICE_FAMILY = "1,2";
			};
			name = Release;
		};
		15DB4CFE2948BBC300473358 /* Debug */ = {
			isa = XCBuildConfiguration;
			buildSettings = {
				ALWAYS_SEARCH_USER_PATHS = NO;
				CLANG_ANALYZER_NONNULL = YES;
				CLANG_ANALYZER_NUMBER_OBJECT_CONVERSION = YES_AGGRESSIVE;
				CLANG_CXX_LANGUAGE_STANDARD = "gnu++20";
				CLANG_ENABLE_MODULES = YES;
				CLANG_ENABLE_OBJC_ARC = YES;
				CLANG_ENABLE_OBJC_WEAK = YES;
				CLANG_WARN_BLOCK_CAPTURE_AUTORELEASING = YES;
				CLANG_WARN_BOOL_CONVERSION = YES;
				CLANG_WARN_COMMA = YES;
				CLANG_WARN_CONSTANT_CONVERSION = YES;
				CLANG_WARN_DEPRECATED_OBJC_IMPLEMENTATIONS = YES;
				CLANG_WARN_DIRECT_OBJC_ISA_USAGE = YES_ERROR;
				CLANG_WARN_DOCUMENTATION_COMMENTS = YES;
				CLANG_WARN_EMPTY_BODY = YES;
				CLANG_WARN_ENUM_CONVERSION = YES;
				CLANG_WARN_INFINITE_RECURSION = YES;
				CLANG_WARN_INT_CONVERSION = YES;
				CLANG_WARN_NON_LITERAL_NULL_CONVERSION = YES;
				CLANG_WARN_OBJC_IMPLICIT_RETAIN_SELF = YES;
				CLANG_WARN_OBJC_LITERAL_CONVERSION = YES;
				CLANG_WARN_OBJC_ROOT_CLASS = YES_ERROR;
				CLANG_WARN_QUOTED_INCLUDE_IN_FRAMEWORK_HEADER = YES;
				CLANG_WARN_RANGE_LOOP_ANALYSIS = YES;
				CLANG_WARN_STRICT_PROTOTYPES = YES;
				CLANG_WARN_SUSPICIOUS_MOVE = YES;
				CLANG_WARN_UNGUARDED_AVAILABILITY = YES_AGGRESSIVE;
				CLANG_WARN_UNREACHABLE_CODE = YES;
				CLANG_WARN__DUPLICATE_METHOD_MATCH = YES;
				COPY_PHASE_STRIP = NO;
				DEBUG_INFORMATION_FORMAT = dwarf;
				ENABLE_STRICT_OBJC_MSGSEND = YES;
				ENABLE_TESTABILITY = YES;
				GCC_C_LANGUAGE_STANDARD = gnu11;
				GCC_DYNAMIC_NO_PIC = NO;
				GCC_NO_COMMON_BLOCKS = YES;
				GCC_OPTIMIZATION_LEVEL = 0;
				GCC_PREPROCESSOR_DEFINITIONS = (
					"DEBUG=1",
					"$(inherited)",
				);
				GCC_WARN_64_TO_32_BIT_CONVERSION = YES;
				GCC_WARN_ABOUT_RETURN_TYPE = YES_ERROR;
				GCC_WARN_UNDECLARED_SELECTOR = YES;
				GCC_WARN_UNINITIALIZED_AUTOS = YES_AGGRESSIVE;
				GCC_WARN_UNUSED_FUNCTION = YES;
				GCC_WARN_UNUSED_VARIABLE = YES;
				IPHONEOS_DEPLOYMENT_TARGET = 17.2;
				MTL_ENABLE_DEBUG_INFO = INCLUDE_SOURCE;
				MTL_FAST_MATH = YES;
				ONLY_ACTIVE_ARCH = YES;
				SDKROOT = iphoneos;
				SWIFT_ACTIVE_COMPILATION_CONDITIONS = DEBUG;
				SWIFT_OPTIMIZATION_LEVEL = "-Onone";
			};
			name = Debug;
		};
		15DB4CFF2948BBC300473358 /* Release */ = {
			isa = XCBuildConfiguration;
			buildSettings = {
				ALWAYS_SEARCH_USER_PATHS = NO;
				CLANG_ANALYZER_NONNULL = YES;
				CLANG_ANALYZER_NUMBER_OBJECT_CONVERSION = YES_AGGRESSIVE;
				CLANG_CXX_LANGUAGE_STANDARD = "gnu++20";
				CLANG_ENABLE_MODULES = YES;
				CLANG_ENABLE_OBJC_ARC = YES;
				CLANG_ENABLE_OBJC_WEAK = YES;
				CLANG_WARN_BLOCK_CAPTURE_AUTORELEASING = YES;
				CLANG_WARN_BOOL_CONVERSION = YES;
				CLANG_WARN_COMMA = YES;
				CLANG_WARN_CONSTANT_CONVERSION = YES;
				CLANG_WARN_DEPRECATED_OBJC_IMPLEMENTATIONS = YES;
				CLANG_WARN_DIRECT_OBJC_ISA_USAGE = YES_ERROR;
				CLANG_WARN_DOCUMENTATION_COMMENTS = YES;
				CLANG_WARN_EMPTY_BODY = YES;
				CLANG_WARN_ENUM_CONVERSION = YES;
				CLANG_WARN_INFINITE_RECURSION = YES;
				CLANG_WARN_INT_CONVERSION = YES;
				CLANG_WARN_NON_LITERAL_NULL_CONVERSION = YES;
				CLANG_WARN_OBJC_IMPLICIT_RETAIN_SELF = YES;
				CLANG_WARN_OBJC_LITERAL_CONVERSION = YES;
				CLANG_WARN_OBJC_ROOT_CLASS = YES_ERROR;
				CLANG_WARN_QUOTED_INCLUDE_IN_FRAMEWORK_HEADER = YES;
				CLANG_WARN_RANGE_LOOP_ANALYSIS = YES;
				CLANG_WARN_STRICT_PROTOTYPES = YES;
				CLANG_WARN_SUSPICIOUS_MOVE = YES;
				CLANG_WARN_UNGUARDED_AVAILABILITY = YES_AGGRESSIVE;
				CLANG_WARN_UNREACHABLE_CODE = YES;
				CLANG_WARN__DUPLICATE_METHOD_MATCH = YES;
				COPY_PHASE_STRIP = NO;
				DEBUG_INFORMATION_FORMAT = "dwarf-with-dsym";
				ENABLE_NS_ASSERTIONS = NO;
				ENABLE_STRICT_OBJC_MSGSEND = YES;
				GCC_C_LANGUAGE_STANDARD = gnu11;
				GCC_NO_COMMON_BLOCKS = YES;
				GCC_WARN_64_TO_32_BIT_CONVERSION = YES;
				GCC_WARN_ABOUT_RETURN_TYPE = YES_ERROR;
				GCC_WARN_UNDECLARED_SELECTOR = YES;
				GCC_WARN_UNINITIALIZED_AUTOS = YES_AGGRESSIVE;
				GCC_WARN_UNUSED_FUNCTION = YES;
				GCC_WARN_UNUSED_VARIABLE = YES;
				IPHONEOS_DEPLOYMENT_TARGET = 17.2;
				MTL_ENABLE_DEBUG_INFO = NO;
				MTL_FAST_MATH = YES;
				SDKROOT = iphoneos;
				SWIFT_COMPILATION_MODE = wholemodule;
				SWIFT_OPTIMIZATION_LEVEL = "-O";
				VALIDATE_PRODUCT = YES;
			};
			name = Release;
		};
		15DB4D012948BBC300473358 /* Debug */ = {
			isa = XCBuildConfiguration;
			buildSettings = {
				ALWAYS_EMBED_SWIFT_STANDARD_LIBRARIES = YES;
				ASSETCATALOG_COMPILER_APPICON_NAME = AppIcon;
				ASSETCATALOG_COMPILER_GLOBAL_ACCENT_COLOR_NAME = AccentColor;
				CODE_SIGN_ENTITLEMENTS = SwiftCalendar/SwiftCalendar.entitlements;
				CODE_SIGN_STYLE = Automatic;
				CURRENT_PROJECT_VERSION = 1;
				DEVELOPMENT_ASSET_PATHS = "\"SwiftCalendar/Preview Content\"";
				DEVELOPMENT_TEAM = XLY4UW5GHZ;
				ENABLE_PREVIEWS = YES;
				GENERATE_INFOPLIST_FILE = YES;
				INFOPLIST_KEY_UIApplicationSceneManifest_Generation = YES;
				INFOPLIST_KEY_UIApplicationSupportsIndirectInputEvents = YES;
				INFOPLIST_KEY_UILaunchScreen_Generation = YES;
				INFOPLIST_KEY_UISupportedInterfaceOrientations_iPad = "UIInterfaceOrientationPortrait UIInterfaceOrientationPortraitUpsideDown UIInterfaceOrientationLandscapeLeft UIInterfaceOrientationLandscapeRight";
				INFOPLIST_KEY_UISupportedInterfaceOrientations_iPhone = "UIInterfaceOrientationPortrait UIInterfaceOrientationLandscapeLeft UIInterfaceOrientationLandscapeRight";
				LD_RUNPATH_SEARCH_PATHS = (
					"$(inherited)",
					"@executable_path/Frameworks",
				);
				MARKETING_VERSION = 1.0;
				PRODUCT_BUNDLE_IDENTIFIER = dev.simonberner.SwiftCalendar;
				PRODUCT_NAME = "$(TARGET_NAME)";
				SWIFT_EMIT_LOC_STRINGS = YES;
				SWIFT_VERSION = 5.0;
				TARGETED_DEVICE_FAMILY = "1,2";
			};
			name = Debug;
		};
		15DB4D022948BBC300473358 /* Release */ = {
			isa = XCBuildConfiguration;
			buildSettings = {
				ALWAYS_EMBED_SWIFT_STANDARD_LIBRARIES = YES;
				ASSETCATALOG_COMPILER_APPICON_NAME = AppIcon;
				ASSETCATALOG_COMPILER_GLOBAL_ACCENT_COLOR_NAME = AccentColor;
				CODE_SIGN_ENTITLEMENTS = SwiftCalendar/SwiftCalendar.entitlements;
				CODE_SIGN_STYLE = Automatic;
				CURRENT_PROJECT_VERSION = 1;
				DEVELOPMENT_ASSET_PATHS = "\"SwiftCalendar/Preview Content\"";
				DEVELOPMENT_TEAM = XLY4UW5GHZ;
				ENABLE_PREVIEWS = YES;
				GENERATE_INFOPLIST_FILE = YES;
				INFOPLIST_KEY_UIApplicationSceneManifest_Generation = YES;
				INFOPLIST_KEY_UIApplicationSupportsIndirectInputEvents = YES;
				INFOPLIST_KEY_UILaunchScreen_Generation = YES;
				INFOPLIST_KEY_UISupportedInterfaceOrientations_iPad = "UIInterfaceOrientationPortrait UIInterfaceOrientationPortraitUpsideDown UIInterfaceOrientationLandscapeLeft UIInterfaceOrientationLandscapeRight";
				INFOPLIST_KEY_UISupportedInterfaceOrientations_iPhone = "UIInterfaceOrientationPortrait UIInterfaceOrientationLandscapeLeft UIInterfaceOrientationLandscapeRight";
				LD_RUNPATH_SEARCH_PATHS = (
					"$(inherited)",
					"@executable_path/Frameworks",
				);
				MARKETING_VERSION = 1.0;
				PRODUCT_BUNDLE_IDENTIFIER = dev.simonberner.SwiftCalendar;
				PRODUCT_NAME = "$(TARGET_NAME)";
				SWIFT_EMIT_LOC_STRINGS = YES;
				SWIFT_VERSION = 5.0;
				TARGETED_DEVICE_FAMILY = "1,2";
			};
			name = Release;
		};
		15DB4D042948BBC300473358 /* Debug */ = {
			isa = XCBuildConfiguration;
			buildSettings = {
				ALWAYS_EMBED_SWIFT_STANDARD_LIBRARIES = YES;
				BUNDLE_LOADER = "$(TEST_HOST)";
				CODE_SIGN_STYLE = Automatic;
				CURRENT_PROJECT_VERSION = 1;
				DEVELOPMENT_TEAM = XLY4UW5GHZ;
				GENERATE_INFOPLIST_FILE = YES;
				IPHONEOS_DEPLOYMENT_TARGET = 16.1;
				MARKETING_VERSION = 1.0;
				PRODUCT_BUNDLE_IDENTIFIER = dev.simonberner.SwiftCalendarTests;
				PRODUCT_NAME = "$(TARGET_NAME)";
				SWIFT_EMIT_LOC_STRINGS = NO;
				SWIFT_VERSION = 5.0;
				TARGETED_DEVICE_FAMILY = "1,2";
				TEST_HOST = "$(BUILT_PRODUCTS_DIR)/SwiftCalendar.app/$(BUNDLE_EXECUTABLE_FOLDER_PATH)/SwiftCalendar";
			};
			name = Debug;
		};
		15DB4D052948BBC300473358 /* Release */ = {
			isa = XCBuildConfiguration;
			buildSettings = {
				ALWAYS_EMBED_SWIFT_STANDARD_LIBRARIES = YES;
				BUNDLE_LOADER = "$(TEST_HOST)";
				CODE_SIGN_STYLE = Automatic;
				CURRENT_PROJECT_VERSION = 1;
				DEVELOPMENT_TEAM = XLY4UW5GHZ;
				GENERATE_INFOPLIST_FILE = YES;
				IPHONEOS_DEPLOYMENT_TARGET = 16.1;
				MARKETING_VERSION = 1.0;
				PRODUCT_BUNDLE_IDENTIFIER = dev.simonberner.SwiftCalendarTests;
				PRODUCT_NAME = "$(TARGET_NAME)";
				SWIFT_EMIT_LOC_STRINGS = NO;
				SWIFT_VERSION = 5.0;
				TARGETED_DEVICE_FAMILY = "1,2";
				TEST_HOST = "$(BUILT_PRODUCTS_DIR)/SwiftCalendar.app/$(BUNDLE_EXECUTABLE_FOLDER_PATH)/SwiftCalendar";
			};
			name = Release;
		};
		15DB4D072948BBC300473358 /* Debug */ = {
			isa = XCBuildConfiguration;
			buildSettings = {
				ALWAYS_EMBED_SWIFT_STANDARD_LIBRARIES = YES;
				CODE_SIGN_STYLE = Automatic;
				CURRENT_PROJECT_VERSION = 1;
				DEVELOPMENT_TEAM = XLY4UW5GHZ;
				GENERATE_INFOPLIST_FILE = YES;
				MARKETING_VERSION = 1.0;
				PRODUCT_BUNDLE_IDENTIFIER = dev.simonberner.SwiftCalendarUITests;
				PRODUCT_NAME = "$(TARGET_NAME)";
				SWIFT_EMIT_LOC_STRINGS = NO;
				SWIFT_VERSION = 5.0;
				TARGETED_DEVICE_FAMILY = "1,2";
				TEST_TARGET_NAME = SwiftCalendar;
			};
			name = Debug;
		};
		15DB4D082948BBC300473358 /* Release */ = {
			isa = XCBuildConfiguration;
			buildSettings = {
				ALWAYS_EMBED_SWIFT_STANDARD_LIBRARIES = YES;
				CODE_SIGN_STYLE = Automatic;
				CURRENT_PROJECT_VERSION = 1;
				DEVELOPMENT_TEAM = XLY4UW5GHZ;
				GENERATE_INFOPLIST_FILE = YES;
				MARKETING_VERSION = 1.0;
				PRODUCT_BUNDLE_IDENTIFIER = dev.simonberner.SwiftCalendarUITests;
				PRODUCT_NAME = "$(TARGET_NAME)";
				SWIFT_EMIT_LOC_STRINGS = NO;
				SWIFT_VERSION = 5.0;
				TARGETED_DEVICE_FAMILY = "1,2";
				TEST_TARGET_NAME = SwiftCalendar;
			};
			name = Release;
		};
/* End XCBuildConfiguration section */

/* Begin XCConfigurationList section */
		15466D0E2953082400190437 /* Build configuration list for PBXNativeTarget "SwiftCalendarWidgetExtension" */ = {
			isa = XCConfigurationList;
			buildConfigurations = (
				15466D0C2953082400190437 /* Debug */,
				15466D0D2953082400190437 /* Release */,
			);
			defaultConfigurationIsVisible = 0;
			defaultConfigurationName = Release;
		};
		15DB4CD22948BBC000473358 /* Build configuration list for PBXProject "SwiftCalendar" */ = {
			isa = XCConfigurationList;
			buildConfigurations = (
				15DB4CFE2948BBC300473358 /* Debug */,
				15DB4CFF2948BBC300473358 /* Release */,
			);
			defaultConfigurationIsVisible = 0;
			defaultConfigurationName = Release;
		};
		15DB4D002948BBC300473358 /* Build configuration list for PBXNativeTarget "SwiftCalendar" */ = {
			isa = XCConfigurationList;
			buildConfigurations = (
				15DB4D012948BBC300473358 /* Debug */,
				15DB4D022948BBC300473358 /* Release */,
			);
			defaultConfigurationIsVisible = 0;
			defaultConfigurationName = Release;
		};
		15DB4D032948BBC300473358 /* Build configuration list for PBXNativeTarget "SwiftCalendarTests" */ = {
			isa = XCConfigurationList;
			buildConfigurations = (
				15DB4D042948BBC300473358 /* Debug */,
				15DB4D052948BBC300473358 /* Release */,
			);
			defaultConfigurationIsVisible = 0;
			defaultConfigurationName = Release;
		};
		15DB4D062948BBC300473358 /* Build configuration list for PBXNativeTarget "SwiftCalendarUITests" */ = {
			isa = XCConfigurationList;
			buildConfigurations = (
				15DB4D072948BBC300473358 /* Debug */,
				15DB4D082948BBC300473358 /* Release */,
			);
			defaultConfigurationIsVisible = 0;
			defaultConfigurationName = Release;
		};
/* End XCConfigurationList section */

/* Begin XCVersionGroup section */
		15DB4CE52948BBC200473358 /* SwiftCalendar.xcdatamodeld */ = {
			isa = XCVersionGroup;
			children = (
				15DB4CE62948BBC200473358 /* SwiftCalendar.xcdatamodel */,
			);
			currentVersion = 15DB4CE62948BBC200473358 /* SwiftCalendar.xcdatamodel */;
			path = SwiftCalendar.xcdatamodeld;
			sourceTree = "<group>";
			versionGroupType = wrapper.xcdatamodel;
		};
/* End XCVersionGroup section */
	};
	rootObject = 15DB4CCF2948BBC000473358 /* Project object */;
}
